
Microsoft Visual Studio Solution File, Format Version 12.00
# Visual Studio Version 17
VisualStudioVersion = 17.4.33403.182
MinimumVisualStudioVersion = 10.0.40219.1
Project("{2150E333-8FDC-42A3-9474-1A3956D46DE8}") = "src", "src", "{DCAA095E-2796-41FA-A1D0-1134E29309E7}"
EndProject
Project("{2150E333-8FDC-42A3-9474-1A3956D46DE8}") = "tests", "tests", "{06861454-9561-492A-9F93-A33B6F7AE3AB}"
EndProject
Project("{2150E333-8FDC-42A3-9474-1A3956D46DE8}") = "unit", "unit", "{C778E127-C02C-4A37-8E85-3D86DCC063DC}"
EndProject
Project("{2150E333-8FDC-42A3-9474-1A3956D46DE8}") = "acceptance", "acceptance", "{93EBAE55-A8BA-40FF-93AA-7D9E4359B6B9}"
EndProject

Project("{9A19103F-16F7-4668-BE54-9A1E7A4F7556}") = "Assign6", "src\Assignment6\Assign6\Assign6.csproj", "{DBFE12EF-2161-4CB4-A2B8-5B967C219DC8}"

Project("{2150E333-8FDC-42A3-9474-1A3956D46DE8}") = "assignment4", "assignment4", "{70BA7A2F-FF02-40B7-9F07-EBDEED0B3282}"
EndProject
Project("{9A19103F-16F7-4668-BE54-9A1E7A4F7556}") = "ProjectA", "src\assignment4\ProjectA\ProjectA.csproj", "{33209466-1846-4702-8E1E-EE1B89279CDD}"
EndProject
Project("{9A19103F-16F7-4668-BE54-9A1E7A4F7556}") = "ProjectB", "src\assignment4\ProjectB\ProjectB.csproj", "{F3C817DF-E4AE-42FA-B53E-B582B073A1CA}"
	ProjectSection(ProjectDependencies) = postProject
		{6BD21643-2C1A-41D4-A56D-1295352E72D8} = {6BD21643-2C1A-41D4-A56D-1295352E72D8}
	EndProjectSection
EndProject
Project("{9A19103F-16F7-4668-BE54-9A1E7A4F7556}") = "ProjectCommon", "src\assignment4\ProjectCommon\ProjectCommon.csproj", "{6BD21643-2C1A-41D4-A56D-1295352E72D8}"
	ProjectSection(ProjectDependencies) = postProject
		{9377FA00-D47A-4A7E-8442-D6730B6202F0} = {9377FA00-D47A-4A7E-8442-D6730B6202F0}
	EndProjectSection
EndProject
Project("{9A19103F-16F7-4668-BE54-9A1E7A4F7556}") = "ProjectC", "src\assignment4\ProjectC\ProjectC.csproj", "{C42B5928-F00B-43B5-A9D7-55EFE6708C58}"
	ProjectSection(ProjectDependencies) = postProject
		{6BD21643-2C1A-41D4-A56D-1295352E72D8} = {6BD21643-2C1A-41D4-A56D-1295352E72D8}
		{91CCAA6C-429B-4000-A27F-64555DD79D16} = {91CCAA6C-429B-4000-A27F-64555DD79D16}
		{9377FA00-D47A-4A7E-8442-D6730B6202F0} = {9377FA00-D47A-4A7E-8442-D6730B6202F0}
	EndProjectSection
EndProject
Project("{9A19103F-16F7-4668-BE54-9A1E7A4F7556}") = "ProjectD", "src\assignment4\ProjectD\ProjectD.csproj", "{91CCAA6C-429B-4000-A27F-64555DD79D16}"
EndProject
Project("{FAE04EC0-301F-11D3-BF4B-00C04F79EFBC}") = "ProjectE", "src\assignment4\ProjectE\ProjectE.csproj", "{9377FA00-D47A-4A7E-8442-D6730B6202F0}"
Project("{9A19103F-16F7-4668-BE54-9A1E7A4F7556}") = "Assignment1", "src\Assignment1\Assignment1.csproj", "{BA795E50-4D9B-4F19-A459-9794D4E9B262}"
Project("{FAE04EC0-301F-11D3-BF4B-00C04F79EFBC}") = "Assignment2", "src\Assignment2\Assignment2.csproj", "{6380E5A7-7F1C-4C9E-9075-7C0151204832}"
Project("{9A19103F-16F7-4668-BE54-9A1E7A4F7556}") = "Assignment_3_Exploration", "src\Assignment_3_Exploration\Assignment_3_Exploration.csproj", "{FB406312-8547-4B76-A998-18083FACFB42}"

EndProject
Global
	GlobalSection(SolutionConfigurationPlatforms) = preSolution
		Debug|Any CPU = Debug|Any CPU
		Release|Any CPU = Release|Any CPU
	EndGlobalSection
	GlobalSection(ProjectConfigurationPlatforms) = postSolution

		{DBFE12EF-2161-4CB4-A2B8-5B967C219DC8}.Debug|Any CPU.ActiveCfg = Debug|Any CPU
		{DBFE12EF-2161-4CB4-A2B8-5B967C219DC8}.Debug|Any CPU.Build.0 = Debug|Any CPU
		{DBFE12EF-2161-4CB4-A2B8-5B967C219DC8}.Release|Any CPU.ActiveCfg = Release|Any CPU
		{DBFE12EF-2161-4CB4-A2B8-5B967C219DC8}.Release|Any CPU.Build.0 = Release|Any CPU

		{33209466-1846-4702-8E1E-EE1B89279CDD}.Debug|Any CPU.ActiveCfg = Debug|Any CPU
		{33209466-1846-4702-8E1E-EE1B89279CDD}.Debug|Any CPU.Build.0 = Debug|Any CPU
		{33209466-1846-4702-8E1E-EE1B89279CDD}.Release|Any CPU.ActiveCfg = Release|Any CPU
		{33209466-1846-4702-8E1E-EE1B89279CDD}.Release|Any CPU.Build.0 = Release|Any CPU
		{F3C817DF-E4AE-42FA-B53E-B582B073A1CA}.Debug|Any CPU.ActiveCfg = Debug|Any CPU
		{F3C817DF-E4AE-42FA-B53E-B582B073A1CA}.Debug|Any CPU.Build.0 = Debug|Any CPU
		{F3C817DF-E4AE-42FA-B53E-B582B073A1CA}.Release|Any CPU.ActiveCfg = Release|Any CPU
		{F3C817DF-E4AE-42FA-B53E-B582B073A1CA}.Release|Any CPU.Build.0 = Release|Any CPU
		{6BD21643-2C1A-41D4-A56D-1295352E72D8}.Debug|Any CPU.ActiveCfg = Debug|Any CPU
		{6BD21643-2C1A-41D4-A56D-1295352E72D8}.Debug|Any CPU.Build.0 = Debug|Any CPU
		{6BD21643-2C1A-41D4-A56D-1295352E72D8}.Release|Any CPU.ActiveCfg = Release|Any CPU
		{6BD21643-2C1A-41D4-A56D-1295352E72D8}.Release|Any CPU.Build.0 = Release|Any CPU
		{C42B5928-F00B-43B5-A9D7-55EFE6708C58}.Debug|Any CPU.ActiveCfg = Debug|Any CPU
		{C42B5928-F00B-43B5-A9D7-55EFE6708C58}.Debug|Any CPU.Build.0 = Debug|Any CPU
		{C42B5928-F00B-43B5-A9D7-55EFE6708C58}.Release|Any CPU.ActiveCfg = Release|Any CPU
		{C42B5928-F00B-43B5-A9D7-55EFE6708C58}.Release|Any CPU.Build.0 = Release|Any CPU
		{91CCAA6C-429B-4000-A27F-64555DD79D16}.Debug|Any CPU.ActiveCfg = Debug|Any CPU
		{91CCAA6C-429B-4000-A27F-64555DD79D16}.Debug|Any CPU.Build.0 = Debug|Any CPU
		{91CCAA6C-429B-4000-A27F-64555DD79D16}.Release|Any CPU.ActiveCfg = Release|Any CPU
		{91CCAA6C-429B-4000-A27F-64555DD79D16}.Release|Any CPU.Build.0 = Release|Any CPU
		{9377FA00-D47A-4A7E-8442-D6730B6202F0}.Debug|Any CPU.ActiveCfg = Debug|Any CPU
		{9377FA00-D47A-4A7E-8442-D6730B6202F0}.Debug|Any CPU.Build.0 = Debug|Any CPU
		{9377FA00-D47A-4A7E-8442-D6730B6202F0}.Release|Any CPU.ActiveCfg = Release|Any CPU
		{9377FA00-D47A-4A7E-8442-D6730B6202F0}.Release|Any CPU.Build.0 = Release|Any CPU
		{BA795E50-4D9B-4F19-A459-9794D4E9B262}.Debug|Any CPU.ActiveCfg = Debug|Any CPU
		{BA795E50-4D9B-4F19-A459-9794D4E9B262}.Debug|Any CPU.Build.0 = Debug|Any CPU
		{BA795E50-4D9B-4F19-A459-9794D4E9B262}.Release|Any CPU.ActiveCfg = Release|Any CPU
		{BA795E50-4D9B-4F19-A459-9794D4E9B262}.Release|Any CPU.Build.0 = Release|Any CPU
		{6380E5A7-7F1C-4C9E-9075-7C0151204832}.Debug|Any CPU.ActiveCfg = Debug|Any CPU
		{6380E5A7-7F1C-4C9E-9075-7C0151204832}.Debug|Any CPU.Build.0 = Debug|Any CPU
		{6380E5A7-7F1C-4C9E-9075-7C0151204832}.Release|Any CPU.ActiveCfg = Release|Any CPU
		{6380E5A7-7F1C-4C9E-9075-7C0151204832}.Release|Any CPU.Build.0 = Release|Any CPU
		{FB406312-8547-4B76-A998-18083FACFB42}.Debug|Any CPU.ActiveCfg = Debug|Any CPU
		{FB406312-8547-4B76-A998-18083FACFB42}.Debug|Any CPU.Build.0 = Debug|Any CPU
		{FB406312-8547-4B76-A998-18083FACFB42}.Release|Any CPU.ActiveCfg = Release|Any CPU
		{FB406312-8547-4B76-A998-18083FACFB42}.Release|Any CPU.Build.0 = Release|Any CPU

	EndGlobalSection
	GlobalSection(SolutionProperties) = preSolution
		HideSolutionNode = FALSE
	EndGlobalSection
	GlobalSection(NestedProjects) = preSolution
		{C778E127-C02C-4A37-8E85-3D86DCC063DC} = {06861454-9561-492A-9F93-A33B6F7AE3AB}
		{93EBAE55-A8BA-40FF-93AA-7D9E4359B6B9} = {06861454-9561-492A-9F93-A33B6F7AE3AB}

		{DBFE12EF-2161-4CB4-A2B8-5B967C219DC8} = {DCAA095E-2796-41FA-A1D0-1134E29309E7}

		{70BA7A2F-FF02-40B7-9F07-EBDEED0B3282} = {DCAA095E-2796-41FA-A1D0-1134E29309E7}
		{33209466-1846-4702-8E1E-EE1B89279CDD} = {70BA7A2F-FF02-40B7-9F07-EBDEED0B3282}
		{F3C817DF-E4AE-42FA-B53E-B582B073A1CA} = {70BA7A2F-FF02-40B7-9F07-EBDEED0B3282}
		{6BD21643-2C1A-41D4-A56D-1295352E72D8} = {70BA7A2F-FF02-40B7-9F07-EBDEED0B3282}
		{C42B5928-F00B-43B5-A9D7-55EFE6708C58} = {70BA7A2F-FF02-40B7-9F07-EBDEED0B3282}
		{91CCAA6C-429B-4000-A27F-64555DD79D16} = {70BA7A2F-FF02-40B7-9F07-EBDEED0B3282}
		{9377FA00-D47A-4A7E-8442-D6730B6202F0} = {70BA7A2F-FF02-40B7-9F07-EBDEED0B3282}
		{BA795E50-4D9B-4F19-A459-9794D4E9B262} = {DCAA095E-2796-41FA-A1D0-1134E29309E7}
		{6380E5A7-7F1C-4C9E-9075-7C0151204832} = {DCAA095E-2796-41FA-A1D0-1134E29309E7}
		{FB406312-8547-4B76-A998-18083FACFB42} = {DCAA095E-2796-41FA-A1D0-1134E29309E7}

	EndGlobalSection
	GlobalSection(ExtensibilityGlobals) = postSolution
		SolutionGuid = {D4CECB66-8E11-49D9-AA1E-464EE0231450}
	EndGlobalSection
EndGlobal
