
Microsoft Visual Studio Solution File, Format Version 12.00
# Visual Studio Version 17
VisualStudioVersion = 17.4.33403.182
MinimumVisualStudioVersion = 10.0.40219.1
Project("{2150E333-8FDC-42A3-9474-1A3956D46DE8}") = "src", "src", "{DCAA095E-2796-41FA-A1D0-1134E29309E7}"
EndProject
Project("{2150E333-8FDC-42A3-9474-1A3956D46DE8}") = "tests", "tests", "{06861454-9561-492A-9F93-A33B6F7AE3AB}"
EndProject
Project("{2150E333-8FDC-42A3-9474-1A3956D46DE8}") = "unit", "unit", "{C778E127-C02C-4A37-8E85-3D86DCC063DC}"
EndProject
Project("{2150E333-8FDC-42A3-9474-1A3956D46DE8}") = "acceptance", "acceptance", "{93EBAE55-A8BA-40FF-93AA-7D9E4359B6B9}"
EndProject
Project("{9A19103F-16F7-4668-BE54-9A1E7A4F7556}") = "Assignment_3_Exploration", "src\Assignment_3_Exploration\Assignment_3_Exploration.csproj", "{FB406312-8547-4B76-A998-18083FACFB42}"
EndProject
Project("{2150E333-8FDC-42A3-9474-1A3956D46DE8}") = "Assignment5", "Assignment5", "{1F9B5868-13F2-4CE0-A21B-EABAAA6465B6}"
EndProject
Project("{9A19103F-16F7-4668-BE54-9A1E7A4F7556}") = "Assignment5-task1", "src\assignment5\Assignment5-task1\Assignment5-task1.csproj", "{CB9180A9-A51A-4712-895D-C968A9BC99AF}"
EndProject
Project("{9A19103F-16F7-4668-BE54-9A1E7A4F7556}") = "Assignment5-task2", "src\assignment5\Assignment5-task2\Assignment5-task2.csproj", "{F3F54CE1-B380-4763-A5DA-97750E09B128}"
EndProject
Project("{9A19103F-16F7-4668-BE54-9A1E7A4F7556}") = "Assignment5_task3", "src\assignment5\Assignment5_task3\Assignment5_task3.csproj", "{CA060E15-54BC-45AA-AC54-503975E19AFD}"
EndProject
Global
	GlobalSection(SolutionConfigurationPlatforms) = preSolution
		Debug|Any CPU = Debug|Any CPU
		Release|Any CPU = Release|Any CPU
	EndGlobalSection
	GlobalSection(ProjectConfigurationPlatforms) = postSolution
		{FB406312-8547-4B76-A998-18083FACFB42}.Debug|Any CPU.ActiveCfg = Debug|Any CPU
		{FB406312-8547-4B76-A998-18083FACFB42}.Debug|Any CPU.Build.0 = Debug|Any CPU
		{FB406312-8547-4B76-A998-18083FACFB42}.Release|Any CPU.ActiveCfg = Release|Any CPU
		{FB406312-8547-4B76-A998-18083FACFB42}.Release|Any CPU.Build.0 = Release|Any CPU
		{CB9180A9-A51A-4712-895D-C968A9BC99AF}.Debug|Any CPU.ActiveCfg = Debug|Any CPU
		{CB9180A9-A51A-4712-895D-C968A9BC99AF}.Debug|Any CPU.Build.0 = Debug|Any CPU
		{CB9180A9-A51A-4712-895D-C968A9BC99AF}.Release|Any CPU.ActiveCfg = Release|Any CPU
		{CB9180A9-A51A-4712-895D-C968A9BC99AF}.Release|Any CPU.Build.0 = Release|Any CPU
		{F3F54CE1-B380-4763-A5DA-97750E09B128}.Debug|Any CPU.ActiveCfg = Debug|Any CPU
		{F3F54CE1-B380-4763-A5DA-97750E09B128}.Debug|Any CPU.Build.0 = Debug|Any CPU
		{F3F54CE1-B380-4763-A5DA-97750E09B128}.Release|Any CPU.ActiveCfg = Release|Any CPU
		{F3F54CE1-B380-4763-A5DA-97750E09B128}.Release|Any CPU.Build.0 = Release|Any CPU
		{CA060E15-54BC-45AA-AC54-503975E19AFD}.Debug|Any CPU.ActiveCfg = Debug|Any CPU
		{CA060E15-54BC-45AA-AC54-503975E19AFD}.Debug|Any CPU.Build.0 = Debug|Any CPU
		{CA060E15-54BC-45AA-AC54-503975E19AFD}.Release|Any CPU.ActiveCfg = Release|Any CPU
		{CA060E15-54BC-45AA-AC54-503975E19AFD}.Release|Any CPU.Build.0 = Release|Any CPU
	EndGlobalSection
	GlobalSection(SolutionProperties) = preSolution
		HideSolutionNode = FALSE
	EndGlobalSection
	GlobalSection(NestedProjects) = preSolution
		{C778E127-C02C-4A37-8E85-3D86DCC063DC} = {06861454-9561-492A-9F93-A33B6F7AE3AB}
		{93EBAE55-A8BA-40FF-93AA-7D9E4359B6B9} = {06861454-9561-492A-9F93-A33B6F7AE3AB}
		{FB406312-8547-4B76-A998-18083FACFB42} = {DCAA095E-2796-41FA-A1D0-1134E29309E7}
		{1F9B5868-13F2-4CE0-A21B-EABAAA6465B6} = {DCAA095E-2796-41FA-A1D0-1134E29309E7}
		{CB9180A9-A51A-4712-895D-C968A9BC99AF} = {1F9B5868-13F2-4CE0-A21B-EABAAA6465B6}
		{F3F54CE1-B380-4763-A5DA-97750E09B128} = {1F9B5868-13F2-4CE0-A21B-EABAAA6465B6}
		{CA060E15-54BC-45AA-AC54-503975E19AFD} = {1F9B5868-13F2-4CE0-A21B-EABAAA6465B6}
	EndGlobalSection
	GlobalSection(ExtensibilityGlobals) = postSolution
		SolutionGuid = {D4CECB66-8E11-49D9-AA1E-464EE0231450}
	EndGlobalSection
EndGlobal
